{
    "_meta": {
        "hash": {
            "sha256": "39fbcdfb9d58267826bb4c77292d0f00e2678e6d38df3d4781a549a0576236a4"
        },
        "pipfile-spec": 6,
        "requires": {
            "python_version": "3.12"
        },
        "sources": [
            {
                "name": "pypi",
                "url": "https://mirrors.aliyun.com/pypi/simple/",
                "verify_ssl": true
            }
        ]
    },
    "default": {
        "altgraph": {
            "hashes": [
                "sha256:1b5afbb98f6c4dcadb2e2ae6ab9fa994bbb8c1d75f4fa96d340f9437ae454406",
                "sha256:642743b4750de17e655e6711601b077bc6598dbfa3ba5fa2b2a35ce12b508dff"
            ],
            "version": "==0.17.4"
        },
        "et-xmlfile": {
            "hashes": [
                "sha256:7a91720bc756843502c3b7504c77b8fe44217c85c537d85037f0f536151b2caa",
                "sha256:dab3f4764309081ce75662649be815c4c9081e88f0837825f90fd28317d4da54"
            ],
            "markers": "python_version >= '3.8'",
            "version": "==2.0.0"
        },
        "json-minify": {
            "hashes": [
                "sha256:268e6966c0f1dcb32ac54e1d047b83deba9ce711c0763ceba63f26d3aeedf656",
                "sha256:499717626144a533d64ed4a1513976cf2212958b6806a66e07dd8e22207df559"
            ],
            "index": "pypi",
            "version": "==0.3.0"
        },
        "openpyxl": {
            "hashes": [
                "sha256:5282c12b107bffeef825f4617dc029afaf41d0ea60823bbb665ef3079dc79de2",
                "sha256:cf0e3cf56142039133628b5acffe8ef0c12bc902d2aadd3e0fe5878dc08d1050"
            ],
            "index": "pypi",
            "markers": "python_version >= '3.8'",
            "version": "==3.1.5"
        },
        "packaging": {
            "hashes": [
                "sha256:29572ef2b1f17581046b3a2227d5c611fb25ec70ca1ba8554b24b0e69331a484",
                "sha256:d443872c98d677bf60f6a1f2f8c1cb748e8fe762d2bf9d3148b5599295b0fc4f"
            ],
            "markers": "python_version >= '3.8'",
            "version": "==25.0"
        },
        "pefile": {
            "hashes": [
                "sha256:82e6114004b3d6911c77c3953e3838654b04511b8b66e8583db70c65998017dc",
                "sha256:da185cd2af68c08a6cd4481f7325ed600a88f6a813bad9dea07ab3ef73d8d8d6"
            ],
            "markers": "python_full_version >= '3.6.0'",
            "version": "==2023.2.7"
        },
        "pyinstaller": {
            "hashes": [
                "sha256:38911feec2c5e215e5159a7e66fdb12400168bd116143b54a8a7a37f08733456",
                "sha256:589937548d34978c568cfdc39f31cf386f45202bc27fdb8facb989c79dfb4c02",
                "sha256:80c568848529635aa7ca46d8d525f68486d53e03f68b7bb5eba2c88d742e302c",
                "sha256:8d4296236b85aae570379488c2da833b28828b17c57c2cc21fccd7e3811fe372",
                "sha256:92efcf2f09e78f07b568c5cb7ed48c9940f5dad627af4b49bede6320fab2a06e",
                "sha256:92fe7337c5aa08d42b38d7a79614492cb571489f2cb0a8f91dc9ef9ccbe01ed3",
                "sha256:9f82f113c463f012faa0e323d952ca30a6f922685d9636e754bd3a256c7ed200",
                "sha256:aa404f0b02cd57948098055e76ee190b8e65ccf7a2a3f048e5000f668317069f",
                "sha256:b7260832f7501ba1d2ce1834d4cddc0f2b94315282bc89c59333433715015447",
                "sha256:bc09795f5954135dd4486c1535650958c8218acb954f43860e4b05fb515a21c0",
                "sha256:d9f21d56ca2443aa6a1e255e7ad285c76453893a454105abe1b4d45e92bb9a20",
                "sha256:db0e7945ebe276f604eb7c36e536479556ab32853412095e19172a5ec8fca1c5"
            ],
            "index": "pypi",
            "markers": "python_version < '3.14' and python_version >= '3.8'",
            "version": "==6.13.0"
        },
        "pyinstaller-hooks-contrib": {
            "hashes": [
                "sha256:5ce1afd1997b03e70f546207031cfdf2782030aabacc102190677059e2856446",
                "sha256:6c2d73269b4c484eb40051fc1acee0beb113c2cfb3b37437b8394faae6f0d072"
            ],
            "markers": "python_version >= '3.8'",
            "version": "==2025.4"
        },
        "pywin32-ctypes": {
            "hashes": [
                "sha256:8a1513379d709975552d202d942d9837758905c8d01eb82b8bcc30918929e7b8",
                "sha256:d162dc04946d704503b2edc4d55f3dba5c1d539ead017afa00142c38b9885755"
            ],
            "markers": "python_version >= '3.6'",
            "version": "==0.2.3"
        },
        "setuptools": {
            "hashes": [
                "sha256:31e2c58dbb67c99c289f51c16d899afedae292b978f8051efaf6262d8212f927",
                "sha256:ea8e00d7992054c4c592aeb892f6ad51fe1b4d90cc6947cc45c45717c40ec537"
            ],
            "markers": "python_version >= '3.9'",
            "version": "==80.3.1"
        }
    },
    "develop": {}
}
